
Microsoft Visual Studio Solution File, Format Version 12.00
# Visual Studio Version 17
VisualStudioVersion = 17.7.34003.232
MinimumVisualStudioVersion = 10.0.40219.1
Project("{9A19103F-16F7-4668-BE54-9A1E7A4F7556}") = "GateEntryExit", "GateEntryExit.csproj", "{8C10FFD4-0914-4E86-8658-9433225A34DD}"
EndProject
Project("{FAE04EC0-301F-11D3-BF4B-00C04F79EFBC}") = "GateEntryExit.Test", "..\GateEntryExit.Test\GateEntryExit.Test.csproj", "{A7A26F11-7BE6-4EAD-AB8E-0F5C7EF5F0FA}"
EndProject
Global
	GlobalSection(SolutionConfigurationPlatforms) = preSolution
		Debug|Any CPU = Debug|Any CPU
		Release|Any CPU = Release|Any CPU
	EndGlobalSection
	GlobalSection(ProjectConfigurationPlatforms) = postSolution
		{8C10FFD4-0914-4E86-8658-9433225A34DD}.Debug|Any CPU.ActiveCfg = Debug|Any CPU
		{8C10FFD4-0914-4E86-8658-9433225A34DD}.Debug|Any CPU.Build.0 = Debug|Any CPU
		{8C10FFD4-0914-4E86-8658-9433225A34DD}.Release|Any CPU.ActiveCfg = Release|Any CPU
		{8C10FFD4-0914-4E86-8658-9433225A34DD}.Release|Any CPU.Build.0 = Release|Any CPU
		{A7A26F11-7BE6-4EAD-AB8E-0F5C7EF5F0FA}.Debug|Any CPU.ActiveCfg = Debug|Any CPU
		{A7A26F11-7BE6-4EAD-AB8E-0F5C7EF5F0FA}.Debug|Any CPU.Build.0 = Debug|Any CPU
		{A7A26F11-7BE6-4EAD-AB8E-0F5C7EF5F0FA}.Release|Any CPU.ActiveCfg = Release|Any CPU
		{A7A26F11-7BE6-4EAD-AB8E-0F5C7EF5F0FA}.Release|Any CPU.Build.0 = Release|Any CPU
	EndGlobalSection
	GlobalSection(SolutionProperties) = preSolution
		HideSolutionNode = FALSE
	EndGlobalSection
	GlobalSection(ExtensibilityGlobals) = postSolution
		SolutionGuid = {AD070920-61C7-4800-9372-CE774E375CC4}
	EndGlobalSection
EndGlobal
